// !$*UTF8*$!
{
	archiveVersion = 1;
	classes = {
	};
	objectVersion = 48;
	objects = {

/* Begin PBXBuildFile section */
		459EE8E0205923A7000DDAB1 /* AppDelegate.swift in Sources */ = {isa = PBXBuildFile; fileRef = 459EE8DF205923A7000DDAB1 /* AppDelegate.swift */; };
		459EE8E2205923A7000DDAB1 /* ViewController.swift in Sources */ = {isa = PBXBuildFile; fileRef = 459EE8E1205923A7000DDAB1 /* ViewController.swift */; };
		459EE8E5205923A7000DDAB1 /* Main.storyboard in Resources */ = {isa = PBXBuildFile; fileRef = 459EE8E3205923A7000DDAB1 /* Main.storyboard */; };
		459EE8E7205923A7000DDAB1 /* Assets.xcassets in Resources */ = {isa = PBXBuildFile; fileRef = 459EE8E6205923A7000DDAB1 /* Assets.xcassets */; };
		459EE8EA205923A7000DDAB1 /* LaunchScreen.storyboard in Resources */ = {isa = PBXBuildFile; fileRef = 459EE8E8205923A7000DDAB1 /* LaunchScreen.storyboard */; };
		459EE8F420592429000DDAB1 /* ZFPopController.xib in Resources */ = {isa = PBXBuildFile; fileRef = 459EE8F220592428000DDAB1 /* ZFPopController.xib */; };
		459EE8F62059253B000DDAB1 /* ZFPopController.swift in Sources */ = {isa = PBXBuildFile; fileRef = 459EE8F52059253B000DDAB1 /* ZFPopController.swift */; };
		45A6E0F8205927E600EBC6F6 /* PopupCell.xib in Resources */ = {isa = PBXBuildFile; fileRef = 45A6E0F7205927E600EBC6F6 /* PopupCell.xib */; };
/* End PBXBuildFile section */

/* Begin PBXFileReference section */
		459EE8DC205923A7000DDAB1 /* ZFPopController.app */ = {isa = PBXFileReference; explicitFileType = wrapper.application; includeInIndex = 0; path = ZFPopController.app; sourceTree = BUILT_PRODUCTS_DIR; };
		459EE8DF205923A7000DDAB1 /* AppDelegate.swift */ = {isa = PBXFileReference; lastKnownFileType = sourcecode.swift; path = AppDelegate.swift; sourceTree = "<group>"; };
		459EE8E1205923A7000DDAB1 /* ViewController.swift */ = {isa = PBXFileReference; lastKnownFileType = sourcecode.swift; path = ViewController.swift; sourceTree = "<group>"; };
		459EE8E4205923A7000DDAB1 /* Base */ = {isa = PBXFileReference; lastKnownFileType = file.storyboard; name = Base; path = Base.lproj/Main.storyboard; sourceTree = "<group>"; };
		459EE8E6205923A7000DDAB1 /* Assets.xcassets */ = {isa = PBXFileReference; lastKnownFileType = folder.assetcatalog; path = Assets.xcassets; sourceTree = "<group>"; };
		459EE8E9205923A7000DDAB1 /* Base */ = {isa = PBXFileReference; lastKnownFileType = file.storyboard; name = Base; path = Base.lproj/LaunchScreen.storyboard; sourceTree = "<group>"; };
		459EE8EB205923A7000DDAB1 /* Info.plist */ = {isa = PBXFileReference; lastKnownFileType = text.plist.xml; path = Info.plist; sourceTree = "<group>"; };
		459EE8F220592428000DDAB1 /* ZFPopController.xib */ = {isa = PBXFileReference; fileEncoding = 4; lastKnownFileType = file.xib; path = ZFPopController.xib; sourceTree = "<group>"; };
		459EE8F52059253B000DDAB1 /* ZFPopController.swift */ = {isa = PBXFileReference; fileEncoding = 4; lastKnownFileType = sourcecode.swift; path = ZFPopController.swift; sourceTree = "<group>"; };
		45A6E0F7205927E600EBC6F6 /* PopupCell.xib */ = {isa = PBXFileReference; fileEncoding = 4; lastKnownFileType = file.xib; path = PopupCell.xib; sourceTree = "<group>"; };
/* End PBXFileReference section */

/* Begin PBXFrameworksBuildPhase section */
		459EE8D9205923A7000DDAB1 /* Frameworks */ = {
			isa = PBXFrameworksBuildPhase;
			buildActionMask = 2147483647;
			files = (
			);
			runOnlyForDeploymentPostprocessing = 0;
		};
/* End PBXFrameworksBuildPhase section */

/* Begin PBXGroup section */
		459EE8D3205923A7000DDAB1 = {
			isa = PBXGroup;
			children = (
				459EE8DE205923A7000DDAB1 /* ZFPopController */,
				459EE8DD205923A7000DDAB1 /* Products */,
			);
			sourceTree = "<group>";
		};
		459EE8DD205923A7000DDAB1 /* Products */ = {
			isa = PBXGroup;
			children = (
				459EE8DC205923A7000DDAB1 /* ZFPopController.app */,
			);
			name = Products;
			sourceTree = "<group>";
		};
		459EE8DE205923A7000DDAB1 /* ZFPopController */ = {
			isa = PBXGroup;
			children = (
				459EE8F220592428000DDAB1 /* ZFPopController.xib */,
				459EE8F52059253B000DDAB1 /* ZFPopController.swift */,
				45A6E0F7205927E600EBC6F6 /* PopupCell.xib */,
				459EE8DF205923A7000DDAB1 /* AppDelegate.swift */,
				459EE8E1205923A7000DDAB1 /* ViewController.swift */,
				459EE8E3205923A7000DDAB1 /* Main.storyboard */,
				459EE8E6205923A7000DDAB1 /* Assets.xcassets */,
				459EE8E8205923A7000DDAB1 /* LaunchScreen.storyboard */,
				459EE8EB205923A7000DDAB1 /* Info.plist */,
			);
			path = ZFPopController;
			sourceTree = "<group>";
		};
/* End PBXGroup section */

/* Begin PBXNativeTarget section */
		459EE8DB205923A7000DDAB1 /* ZFPopController */ = {
			isa = PBXNativeTarget;
			buildConfigurationList = 459EE8EE205923A7000DDAB1 /* Build configuration list for PBXNativeTarget "ZFPopController" */;
			buildPhases = (
				459EE8D8205923A7000DDAB1 /* Sources */,
				459EE8D9205923A7000DDAB1 /* Frameworks */,
				459EE8DA205923A7000DDAB1 /* Resources */,
			);
			buildRules = (
			);
			dependencies = (
			);
			name = ZFPopController;
			productName = ZFPopController;
			productReference = 459EE8DC205923A7000DDAB1 /* ZFPopController.app */;
			productType = "com.apple.product-type.application";
		};
/* End PBXNativeTarget section */

/* Begin PBXProject section */
		459EE8D4205923A7000DDAB1 /* Project object */ = {
			isa = PBXProject;
			attributes = {
				LastSwiftUpdateCheck = 0910;
				LastUpgradeCheck = 0910;
				ORGANIZATIONNAME = "钟凡";
				TargetAttributes = {
					459EE8DB205923A7000DDAB1 = {
						CreatedOnToolsVersion = 9.1;
						ProvisioningStyle = Automatic;
					};
				};
			};
			buildConfigurationList = 459EE8D7205923A7000DDAB1 /* Build configuration list for PBXProject "ZFPopController" */;
			compatibilityVersion = "Xcode 8.0";
			developmentRegion = en;
			hasScannedForEncodings = 0;
			knownRegions = (
				en,
				Base,
			);
			mainGroup = 459EE8D3205923A7000DDAB1;
			productRefGroup = 459EE8DD205923A7000DDAB1 /* Products */;
			projectDirPath = "";
			projectRoot = "";
			targets = (
				459EE8DB205923A7000DDAB1 /* ZFPopController */,
			);
		};
/* End PBXProject section */

/* Begin PBXResourcesBuildPhase section */
		459EE8DA205923A7000DDAB1 /* Resources */ = {
			isa = PBXResourcesBuildPhase;
			buildActionMask = 2147483647;
			files = (
				459EE8EA205923A7000DDAB1 /* LaunchScreen.storyboard in Resources */,
				459EE8E7205923A7000DDAB1 /* Assets.xcassets in Resources */,
				459EE8E5205923A7000DDAB1 /* Main.storyboard in Resources */,
				459EE8F420592429000DDAB1 /* ZFPopController.xib in Resources */,
				45A6E0F8205927E600EBC6F6 /* PopupCell.xib in Resources */,
			);
			runOnlyForDeploymentPostprocessing = 0;
		};
/* End PBXResourcesBuildPhase section */

/* Begin PBXSourcesBuildPhase section */
		459EE8D8205923A7000DDAB1 /* Sources */ = {
			isa = PBXSourcesBuildPhase;
			buildActionMask = 2147483647;
			files = (
				459EE8E2205923A7000DDAB1 /* ViewController.swift in Sources */,
				459EE8F62059253B000DDAB1 /* ZFPopController.swift in Sources */,
				459EE8E0205923A7000DDAB1 /* AppDelegate.swift in Sources */,
			);
			runOnlyForDeploymentPostprocessing = 0;
		};
/* End PBXSourcesBuildPhase section */

/* Begin PBXVariantGroup section */
		459EE8E3205923A7000DDAB1 /* Main.storyboard */ = {
			isa = PBXVariantGroup;
			children = (
				459EE8E4205923A7000DDAB1 /* Base */,
			);
			name = Main.storyboard;
			sourceTree = "<group>";
		};
		459EE8E8205923A7000DDAB1 /* LaunchScreen.storyboard */ = {
			isa = PBXVariantGroup;
			children = (
				459EE8E9205923A7000DDAB1 /* Base */,
			);
			name = LaunchScreen.storyboard;
			sourceTree = "<group>";
		};
/* End PBXVariantGroup section */

/* Begin XCBuildConfiguration section */
		459EE8EC205923A7000DDAB1 /* Debug */ = {
			isa = XCBuildConfiguration;
			buildSettings = {
				ALWAYS_SEARCH_USER_PATHS = NO;
				CLANG_ANALYZER_NONNULL = YES;
				CLANG_ANALYZER_NUMBER_OBJECT_CONVERSION = YES_AGGRESSIVE;
				CLANG_CXX_LANGUAGE_STANDARD = "gnu++14";
				CLANG_CXX_LIBRARY = "libc++";
				CLANG_ENABLE_MODULES = YES;
				CLANG_ENABLE_OBJC_ARC = YES;
				CLANG_WARN_BLOCK_CAPTURE_AUTORELEASING = YES;
				CLANG_WARN_BOOL_CONVERSION = YES;
				CLANG_WARN_COMMA = YES;
				CLANG_WARN_CONSTANT_CONVERSION = YES;
				CLANG_WARN_DIRECT_OBJC_ISA_USAGE = YES_ERROR;
				CLANG_WARN_DOCUMENTATION_COMMENTS = YES;
				CLANG_WARN_EMPTY_BODY = YES;
				CLANG_WARN_ENUM_CONVERSION = YES;
				CLANG_WARN_INFINITE_RECURSION = YES;
				CLANG_WARN_INT_CONVERSION = YES;
				CLANG_WARN_NON_LITERAL_NULL_CONVERSION = YES;
				CLANG_WARN_OBJC_LITERAL_CONVERSION = YES;
				CLANG_WARN_OBJC_ROOT_CLASS = YES_ERROR;
				CLANG_WARN_RANGE_LOOP_ANALYSIS = YES;
				CLANG_WARN_STRICT_PROTOTYPES = YES;
				CLANG_WARN_SUSPICIOUS_MOVE = YES;
				CLANG_WARN_UNGUARDED_AVAILABILITY = YES_AGGRESSIVE;
				CLANG_WARN_UNREACHABLE_CODE = YES;
				CLANG_WARN__DUPLICATE_METHOD_MATCH = YES;
				CODE_SIGN_IDENTITY = "iPhone Developer";
				COPY_PHASE_STRIP = NO;
				DEBUG_INFORMATION_FORMAT = dwarf;
				ENABLE_STRICT_OBJC_MSGSEND = YES;
				ENABLE_TESTABILITY = YES;
				GCC_C_LANGUAGE_STANDARD = gnu11;
				GCC_DYNAMIC_NO_PIC = NO;
				GCC_NO_COMMON_BLOCKS = YES;
				GCC_OPTIMIZATION_LEVEL = 0;
				GCC_PREPROCESSOR_DEFINITIONS = (
					"DEBUG=1",
					"$(inherited)",
				);
				GCC_WARN_64_TO_32_BIT_CONVERSION = YES;
				GCC_WARN_ABOUT_RETURN_TYPE = YES_ERROR;
				GCC_WARN_UNDECLARED_SELECTOR = YES;
				GCC_WARN_UNINITIALIZED_AUTOS = YES_AGGRESSIVE;
				GCC_WARN_UNUSED_FUNCTION = YES;
				GCC_WARN_UNUSED_VARIABLE = YES;
				IPHONEOS_DEPLOYMENT_TARGET = 11.1;
				MTL_ENABLE_DEBUG_INFO = YES;
				ONLY_ACTIVE_ARCH = YES;
				SDKROOT = iphoneos;
				SWIFT_ACTIVE_COMPILATION_CONDITIONS = DEBUG;
				SWIFT_OPTIMIZATION_LEVEL = "-Onone";
			};
			name = Debug;
		};
		459EE8ED205923A7000DDAB1 /* Release */ = {
			isa = XCBuildConfiguration;
			buildSettings = {
				ALWAYS_SEARCH_USER_PATHS = NO;
				CLANG_ANALYZER_NONNULL = YES;
				CLANG_ANALYZER_NUMBER_OBJECT_CONVERSION = YES_AGGRESSIVE;
				CLANG_CXX_LANGUAGE_STANDARD = "gnu++14";
				CLANG_CXX_LIBRARY = "libc++";
				CLANG_ENABLE_MODULES = YES;
				CLANG_ENABLE_OBJC_ARC = YES;
				CLANG_WARN_BLOCK_CAPTURE_AUTORELEASING = YES;
				CLANG_WARN_BOOL_CONVERSION = YES;
				CLANG_WARN_COMMA = YES;
				CLANG_WARN_CONSTANT_CONVERSION = YES;
				CLANG_WARN_DIRECT_OBJC_ISA_USAGE = YES_ERROR;
				CLANG_WARN_DOCUMENTATION_COMMENTS = YES;
				CLANG_WARN_EMPTY_BODY = YES;
				CLANG_WARN_ENUM_CONVERSION = YES;
				CLANG_WARN_INFINITE_RECURSION = YES;
				CLANG_WARN_INT_CONVERSION = YES;
				CLANG_WARN_NON_LITERAL_NULL_CONVERSION = YES;
				CLANG_WARN_OBJC_LITERAL_CONVERSION = YES;
				CLANG_WARN_OBJC_ROOT_CLASS = YES_ERROR;
				CLANG_WARN_RANGE_LOOP_ANALYSIS = YES;
				CLANG_WARN_STRICT_PROTOTYPES = YES;
				CLANG_WARN_SUSPICIOUS_MOVE = YES;
				CLANG_WARN_UNGUARDED_AVAILABILITY = YES_AGGRESSIVE;
				CLANG_WARN_UNREACHABLE_CODE = YES;
				CLANG_WARN__DUPLICATE_METHOD_MATCH = YES;
				CODE_SIGN_IDENTITY = "iPhone Developer";
				COPY_PHASE_STRIP = NO;
				DEBUG_INFORMATION_FORMAT = "dwarf-with-dsym";
				ENABLE_NS_ASSERTIONS = NO;
				ENABLE_STRICT_OBJC_MSGSEND = YES;
				GCC_C_LANGUAGE_STANDARD = gnu11;
				GCC_NO_COMMON_BLOCKS = YES;
				GCC_WARN_64_TO_32_BIT_CONVERSION = YES;
				GCC_WARN_ABOUT_RETURN_TYPE = YES_ERROR;
				GCC_WARN_UNDECLARED_SELECTOR = YES;
				GCC_WARN_UNINITIALIZED_AUTOS = YES_AGGRESSIVE;
				GCC_WARN_UNUSED_FUNCTION = YES;
				GCC_WARN_UNUSED_VARIABLE = YES;
				IPHONEOS_DEPLOYMENT_TARGET = 11.1;
				MTL_ENABLE_DEBUG_INFO = NO;
				SDKROOT = iphoneos;
				SWIFT_OPTIMIZATION_LEVEL = "-Owholemodule";
				VALIDATE_PRODUCT = YES;
			};
			name = Release;
		};
		459EE8EF205923A7000DDAB1 /* Debug */ = {
			isa = XCBuildConfiguration;
			buildSettings = {
				ASSETCATALOG_COMPILER_APPICON_NAME = AppIcon;
				CODE_SIGN_STYLE = Automatic;
				INFOPLIST_FILE = ZFPopController/Info.plist;
				LD_RUNPATH_SEARCH_PATHS = "$(inherited) @executable_path/Frameworks";
				PRODUCT_BUNDLE_IDENTIFIER = zf.ZFPopController;
				PRODUCT_NAME = "$(TARGET_NAME)";
				SWIFT_VERSION = 4.0;
				TARGETED_DEVICE_FAMILY = "1,2";
			};
			name = Debug;
		};
		459EE8F0205923A7000DDAB1 /* Release */ = {
			isa = XCBuildConfiguration;
			buildSettings = {
				ASSETCATALOG_COMPILER_APPICON_NAME = AppIcon;
				CODE_SIGN_STYLE = Automatic;
				INFOPLIST_FILE = ZFPopController/Info.plist;
				LD_RUNPATH_SEARCH_PATHS = "$(inherited) @executable_path/Frameworks";
				PRODUCT_BUNDLE_IDENTIFIER = zf.ZFPopController;
				PRODUCT_NAME = "$(TARGET_NAME)";
				SWIFT_VERSION = 4.0;
				TARGETED_DEVICE_FAMILY = "1,2";
			};
			name = Release;
		};
/* End XCBuildConfiguration section */

/* Begin XCConfigurationList section */
		459EE8D7205923A7000DDAB1 /* Build configuration list for PBXProject "ZFPopController" */ = {
			isa = XCConfigurationList;
			buildConfigurations = (
				459EE8EC205923A7000DDAB1 /* Debug */,
				459EE8ED205923A7000DDAB1 /* Release */,
			);
			defaultConfigurationIsVisible = 0;
			defaultConfigurationName = Release;
		};
		459EE8EE205923A7000DDAB1 /* Build configuration list for PBXNativeTarget "ZFPopController" */ = {
			isa = XCConfigurationList;
			buildConfigurations = (
				459EE8EF205923A7000DDAB1 /* Debug */,
				459EE8F0205923A7000DDAB1 /* Release */,
			);
			defaultConfigurationIsVisible = 0;
			defaultConfigurationName = Release;
		};
/* End XCConfigurationList section */
	};
	rootObject = 459EE8D4205923A7000DDAB1 /* Project object */;
}
